
Microsoft Visual Studio Solution File, Format Version 12.00
# Visual Studio Version 16
VisualStudioVersion = 16.0.30309.148
MinimumVisualStudioVersion = 10.0.40219.1
Project("{FAE04EC0-301F-11D3-BF4B-00C04F79EFBC}") = "Sample Razor Pages Application", "Sample Razor Pages Application\Sample Razor Pages Application.csproj", "{8FF4422E-3FD6-4B8B-9603-9007DA294E20}"
EndProject
Global
	GlobalSection(SolutionConfigurationPlatforms) = preSolution
		Debug|Any CPU = Debug|Any CPU
		Release|Any CPU = Release|Any CPU
	EndGlobalSection
	GlobalSection(ProjectConfigurationPlatforms) = postSolution
		{8FF4422E-3FD6-4B8B-9603-9007DA294E20}.Debug|Any CPU.ActiveCfg = Debug|Any CPU
		{8FF4422E-3FD6-4B8B-9603-9007DA294E20}.Debug|Any CPU.Build.0 = Debug|Any CPU
		{8FF4422E-3FD6-4B8B-9603-9007DA294E20}.Release|Any CPU.ActiveCfg = Release|Any CPU
		{8FF4422E-3FD6-4B8B-9603-9007DA294E20}.Release|Any CPU.Build.0 = Release|Any CPU
	EndGlobalSection
	GlobalSection(SolutionProperties) = preSolution
		HideSolutionNode = FALSE
	EndGlobalSection
	GlobalSection(ExtensibilityGlobals) = postSolution
		SolutionGuid = {A6A5D933-2ACA-4C62-ACDF-5133D8B22BEB}
	EndGlobalSection
EndGlobal
